
Microsoft Visual Studio Solution File, Format Version 12.00
# Visual Studio Version 17
VisualStudioVersion = 17.6.33723.286
MinimumVisualStudioVersion = 10.0.40219.1
Project("{FAE04EC0-301F-11D3-BF4B-00C04F79EFBC}") = "DILifetime", "DILifetime.csproj", "{A5BC1A63-4EBC-4707-8389-CDD1EA5E51EB}"
EndProject
Global
	GlobalSection(SolutionConfigurationPlatforms) = preSolution
		Debug|Any CPU = Debug|Any CPU
		Release|Any CPU = Release|Any CPU
	EndGlobalSection
	GlobalSection(ProjectConfigurationPlatforms) = postSolution
		{A5BC1A63-4EBC-4707-8389-CDD1EA5E51EB}.Debug|Any CPU.ActiveCfg = Debug|Any CPU
		{A5BC1A63-4EBC-4707-8389-CDD1EA5E51EB}.Debug|Any CPU.Build.0 = Debug|Any CPU
		{A5BC1A63-4EBC-4707-8389-CDD1EA5E51EB}.Release|Any CPU.ActiveCfg = Release|Any CPU
		{A5BC1A63-4EBC-4707-8389-CDD1EA5E51EB}.Release|Any CPU.Build.0 = Release|Any CPU
	EndGlobalSection
	GlobalSection(SolutionProperties) = preSolution
		HideSolutionNode = FALSE
	EndGlobalSection
	GlobalSection(ExtensibilityGlobals) = postSolution
		SolutionGuid = {BAFE21FA-D552-494A-B7EE-F593DA5B32AD}
	EndGlobalSection
EndGlobal
