
Microsoft Visual Studio Solution File, Format Version 12.00
# Visual Studio Version 17
VisualStudioVersion = 17.3.32804.467
MinimumVisualStudioVersion = 10.0.40219.1
Project("{FAE04EC0-301F-11D3-BF4B-00C04F79EFBC}") = "FirstMVCApp", "FirstMVCApp.csproj", "{47377D9A-39AB-4556-8313-30FC00B7459C}"
EndProject
Global
	GlobalSection(SolutionConfigurationPlatforms) = preSolution
		Debug|Any CPU = Debug|Any CPU
		Release|Any CPU = Release|Any CPU
	EndGlobalSection
	GlobalSection(ProjectConfigurationPlatforms) = postSolution
		{47377D9A-39AB-4556-8313-30FC00B7459C}.Debug|Any CPU.ActiveCfg = Debug|Any CPU
		{47377D9A-39AB-4556-8313-30FC00B7459C}.Debug|Any CPU.Build.0 = Debug|Any CPU
		{47377D9A-39AB-4556-8313-30FC00B7459C}.Release|Any CPU.ActiveCfg = Release|Any CPU
		{47377D9A-39AB-4556-8313-30FC00B7459C}.Release|Any CPU.Build.0 = Release|Any CPU
	EndGlobalSection
	GlobalSection(SolutionProperties) = preSolution
		HideSolutionNode = FALSE
	EndGlobalSection
	GlobalSection(ExtensibilityGlobals) = postSolution
		SolutionGuid = {E2879BCF-645F-4B38-AB19-90B2523C956D}
	EndGlobalSection
EndGlobal
